<?xml version="1.0" encoding="UTF-8" standalone="yes" ?>
<CodeBlocks_project_file>
	<FileVersion major="1" minor="6" />
	<Project>
		<Option title="master-thesis" />
		<Option pch_mode="2" />
		<Option compiler="gcc" />
		<Build>
			<Target title="Draft">
				<Option output="bin/Draft/MasterDimploma" prefix_auto="1" extension_auto="1" />
				<Option object_output="obj/Draft/" />
				<Option type="1" />
				<Option compiler="gcc" />
				<Compiler>
					<Add option="-g" />
				</Compiler>
			</Target>
			<Target title="Final">
				<Option output="bin/Final/MasterDimploma" prefix_auto="1" extension_auto="1" />
				<Option object_output="obj/Final/" />
				<Option type="1" />
				<Option compiler="gcc" />
				<Compiler>
					<Add option="-O2" />
				</Compiler>
				<Linker>
					<Add option="-s" />
				</Linker>
			</Target>
		</Build>
		<Compiler>
			<Add option="-Wall" />
		</Compiler>
		<Unit filename="bibliography/fdtd-theory.bib" />
		<Unit filename="bibliography/hdf5.bib" />
		<Unit filename="graphics/Yee-Cubes.pdf" />
		<Unit filename="graphics/Yee-Cubes.png" />
		<Unit filename="graphics/directional-patterns-1000ps-phi.png" />
		<Unit filename="graphics/directional-patterns-1000ps-theta.png" />
		<Unit filename="graphics/directional-patterns-100ps-phi.png" />
		<Unit filename="graphics/directional-patterns-100ps-theta.png" />
		<Unit filename="graphics/directional-patterns-400ps-phi.png" />
		<Unit filename="graphics/directional-patterns-400ps-theta.png" />
		<Unit filename="graphics/directional-patterns-experiment-scheme.png" />
		<Unit filename="graphics/directional-patterns-experiment-scheme.svg" />
		<Unit filename="graphics/directional-patterns-profile-widths.png" />
		<Unit filename="graphics/directional-patterns-reply-exponential-I.png" />
		<Unit filename="graphics/directional-patterns-reply-exponential-U.png" />
		<Unit filename="graphics/directional-patterns-reply-linear-I.png" />
		<Unit filename="graphics/directional-patterns-reply-linear-U.png" />
		<Unit filename="graphics/directional-patterns-signals.png" />
		<Unit filename="graphics/horn-equivalent-scheme.png" />
		<Unit filename="graphics/horn-vswr.png" />
		<Unit filename="graphics/programs-work-flow.png" />
		<Unit filename="graphics/programs-work-flow.svg" />
		<Unit filename="graphics/screenshot-rendered-exponential-377.png" />
		<Unit filename="graphics/screenshot-rendered-linear-377.png" />
		<Unit filename="graphics/screenshot-tem-horn-exponential-377.png" />
		<Unit filename="graphics/screenshot-tem-horn-linear-377.png" />
		<Unit filename="graphics/tem-horn-vswr-signal-spectrum.bmp" />
		<Unit filename="graphics/tem-horn-vswr-signal-spectrum.png" />
		<Unit filename="graphics/tem-horn-vswr-signal.bmp" />
		<Unit filename="graphics/tem-horn-vswr-signal.png" />
		<Unit filename="graphics/tfsf-magnetic-currents.png" />
		<Unit filename="graphics/tfsf-subdivision-example.png" />
		<Unit filename="graphics/yee-cell.pdf" />
		<Unit filename="graphics/yee-cell.svg" />
		<Unit filename="sources/00-preamble.tex" />
		<Unit filename="sources/00-pretext.tex" />
		<Unit filename="sources/00-specials.tex" />
		<Unit filename="sources/A01-code-fragments.tex" />
		<Unit filename="sources/abstract.tex" />
		<Unit filename="sources/bibliography.tex" />
		<Unit filename="sources/experiments-antenna-profiles.tex" />
		<Unit filename="sources/experiments-directional-pattern.tex" />
		<Unit filename="sources/experiments-optimal-transition.tex" />
		<Unit filename="sources/experiments-tem-horn-vswr.tex" />
		<Unit filename="sources/experiments.tex" />
		<Unit filename="sources/implementation-file-format.tex" />
		<Unit filename="sources/implementation-programs.tex" />
		<Unit filename="sources/implementation.tex" />
		<Unit filename="sources/intro.tex" />
		<Unit filename="sources/main.tex" />
		<Unit filename="sources/summary.tex" />
		<Unit filename="sources/table-of-contents.tex" />
		<Unit filename="sources/theory-core-method.tex" />
		<Unit filename="sources/theory-directional-patterns.tex" />
		<Unit filename="sources/theory-far-field.tex" />
		<Unit filename="sources/theory-grid-reduction.tex" />
		<Unit filename="sources/theory-lumped-source.tex" />
		<Unit filename="sources/theory-tfsf.tex" />
		<Unit filename="sources/theory-vswr.tex" />
		<Unit filename="sources/theory.tex" />
		<Unit filename="sources/title-page.tex" />
		<Extensions>
			<code_completion />
			<debugger />
		</Extensions>
	</Project>
</CodeBlocks_project_file>
